
Microsoft Visual Studio Solution File, Format Version 12.00
# Visual Studio Version 17
VisualStudioVersion = 17.4.33110.190
MinimumVisualStudioVersion = 10.0.40219.1
Project("{FAE04EC0-301F-11D3-BF4B-00C04F79EFBC}") = "CompanyEmployees.API", "CompanyEmployees.API\CompanyEmployees.API.csproj", "{A52FE944-4964-4FDE-A3A7-8582C5A957EF}"
EndProject
Project("{FAE04EC0-301F-11D3-BF4B-00C04F79EFBC}") = "CompanyEmployees.Entities", "CompanyEmployees.Entities\CompanyEmployees.Entities.csproj", "{49EF1442-8D5A-4C65-BE05-F67CC120DB8C}"
EndProject
Project("{FAE04EC0-301F-11D3-BF4B-00C04F79EFBC}") = "CompanyEmployees.Repository", "CompanyEmployees.Repository\CompanyEmployees.Repository.csproj", "{84BDCD50-19F5-4518-AAF5-8F038F263977}"
EndProject
Global
	GlobalSection(SolutionConfigurationPlatforms) = preSolution
		Debug|Any CPU = Debug|Any CPU
		Release|Any CPU = Release|Any CPU
	EndGlobalSection
	GlobalSection(ProjectConfigurationPlatforms) = postSolution
		{A52FE944-4964-4FDE-A3A7-8582C5A957EF}.Debug|Any CPU.ActiveCfg = Debug|Any CPU
		{A52FE944-4964-4FDE-A3A7-8582C5A957EF}.Debug|Any CPU.Build.0 = Debug|Any CPU
		{A52FE944-4964-4FDE-A3A7-8582C5A957EF}.Release|Any CPU.ActiveCfg = Release|Any CPU
		{A52FE944-4964-4FDE-A3A7-8582C5A957EF}.Release|Any CPU.Build.0 = Release|Any CPU
		{49EF1442-8D5A-4C65-BE05-F67CC120DB8C}.Debug|Any CPU.ActiveCfg = Debug|Any CPU
		{49EF1442-8D5A-4C65-BE05-F67CC120DB8C}.Debug|Any CPU.Build.0 = Debug|Any CPU
		{49EF1442-8D5A-4C65-BE05-F67CC120DB8C}.Release|Any CPU.ActiveCfg = Release|Any CPU
		{49EF1442-8D5A-4C65-BE05-F67CC120DB8C}.Release|Any CPU.Build.0 = Release|Any CPU
		{84BDCD50-19F5-4518-AAF5-8F038F263977}.Debug|Any CPU.ActiveCfg = Debug|Any CPU
		{84BDCD50-19F5-4518-AAF5-8F038F263977}.Debug|Any CPU.Build.0 = Debug|Any CPU
		{84BDCD50-19F5-4518-AAF5-8F038F263977}.Release|Any CPU.ActiveCfg = Release|Any CPU
		{84BDCD50-19F5-4518-AAF5-8F038F263977}.Release|Any CPU.Build.0 = Release|Any CPU
	EndGlobalSection
	GlobalSection(SolutionProperties) = preSolution
		HideSolutionNode = FALSE
	EndGlobalSection
	GlobalSection(ExtensibilityGlobals) = postSolution
		SolutionGuid = {0AC12808-0E24-4079-89F2-B0B01759DC82}
	EndGlobalSection
EndGlobal
